// !$*UTF8*$!
{
	archiveVersion = 1;
	classes = {
	};
	objectVersion = 50;
	objects = {

/* Begin PBXBuildFile section */
		65C6675B239E7166004916AC /* CalculatorButtonKindMapper.swift in Sources */ = {isa = PBXBuildFile; fileRef = 9ABE828523970773005DC088 /* CalculatorButtonKindMapper.swift */; };
		65C6675E239E7166004916AC /* Theme.swift in Sources */ = {isa = PBXBuildFile; fileRef = 9A904BCD2396F35300177687 /* Theme.swift */; };
		65C6675F239E7166004916AC /* UIColor+Hex.swift in Sources */ = {isa = PBXBuildFile; fileRef = 9A904BD02396F42500177687 /* UIColor+Hex.swift */; };
		65C66760239E7166004916AC /* CalculatorViewModel.swift in Sources */ = {isa = PBXBuildFile; fileRef = 9A904BD32396FBCF00177687 /* CalculatorViewModel.swift */; };
		65C66761239E7166004916AC /* CalculatorButton.swift in Sources */ = {isa = PBXBuildFile; fileRef = 9A904BCA2396F20D00177687 /* CalculatorButton.swift */; };
		65C66762239E7166004916AC /* CalculatorViewModelTagToInputMapper.swift in Sources */ = {isa = PBXBuildFile; fileRef = 9A904BD52396FE1300177687 /* CalculatorViewModelTagToInputMapper.swift */; };
		65C66764239E7166004916AC /* Calculator.framework in Frameworks */ = {isa = PBXBuildFile; fileRef = 9A5F407323959F81005C24CB /* Calculator.framework */; };
		65C66766239E7166004916AC /* LaunchScreen.storyboard in Resources */ = {isa = PBXBuildFile; fileRef = 9A5F402623959CE7005C24CB /* LaunchScreen.storyboard */; };
		65C66768239E7166004916AC /* Assets.xcassets in Resources */ = {isa = PBXBuildFile; fileRef = 9A5F402423959CE7005C24CB /* Assets.xcassets */; };
		65C6676A239E7166004916AC /* Calculator.framework in Embed Frameworks */ = {isa = PBXBuildFile; fileRef = 9A5F407323959F81005C24CB /* Calculator.framework */; settings = {ATTRIBUTES = (CodeSignOnCopy, RemoveHeadersOnCopy, ); }; };
		65C667B1239E7299004916AC /* SceneDelegate.swift in Sources */ = {isa = PBXBuildFile; fileRef = 65C667B0239E7299004916AC /* SceneDelegate.swift */; };
		65C667B5239E731E004916AC /* AppDelegate.swift in Sources */ = {isa = PBXBuildFile; fileRef = 65C667B4239E731E004916AC /* AppDelegate.swift */; };
		65C667B7239E73B7004916AC /* CalculatorView.swift in Sources */ = {isa = PBXBuildFile; fileRef = 65C667B6239E73B7004916AC /* CalculatorView.swift */; };
		65C667C1239E87BF004916AC /* CalculatorViewModelInputType+Name.swift in Sources */ = {isa = PBXBuildFile; fileRef = 65C667C0239E87BF004916AC /* CalculatorViewModelInputType+Name.swift */; };
		9A5F401C23959CE5005C24CB /* AppDelegate.swift in Sources */ = {isa = PBXBuildFile; fileRef = 9A5F401B23959CE5005C24CB /* AppDelegate.swift */; };
		9A5F402523959CE7005C24CB /* Assets.xcassets in Resources */ = {isa = PBXBuildFile; fileRef = 9A5F402423959CE7005C24CB /* Assets.xcassets */; };
		9A5F402823959CE7005C24CB /* LaunchScreen.storyboard in Resources */ = {isa = PBXBuildFile; fileRef = 9A5F402623959CE7005C24CB /* LaunchScreen.storyboard */; };
		9A5F403323959CE7005C24CB /* CalculatorTests.swift in Sources */ = {isa = PBXBuildFile; fileRef = 9A5F403223959CE7005C24CB /* CalculatorTests.swift */; };
		9A5F407A2395A052005C24CB /* Calculator.framework in Frameworks */ = {isa = PBXBuildFile; fileRef = 9A5F407323959F81005C24CB /* Calculator.framework */; };
		9A5F407B2395A052005C24CB /* Calculator.framework in Embed Frameworks */ = {isa = PBXBuildFile; fileRef = 9A5F407323959F81005C24CB /* Calculator.framework */; settings = {ATTRIBUTES = (CodeSignOnCopy, RemoveHeadersOnCopy, ); }; };
		9A904BC52396F04200177687 /* CalculatorViewController.swift in Sources */ = {isa = PBXBuildFile; fileRef = 9A904BC42396F04200177687 /* CalculatorViewController.swift */; };
		9A904BC82396F05900177687 /* CalculatorViewController.xib in Resources */ = {isa = PBXBuildFile; fileRef = 9A904BC72396F05900177687 /* CalculatorViewController.xib */; };
		9A904BCB2396F20D00177687 /* CalculatorButton.swift in Sources */ = {isa = PBXBuildFile; fileRef = 9A904BCA2396F20D00177687 /* CalculatorButton.swift */; };
		9A904BCE2396F35300177687 /* Theme.swift in Sources */ = {isa = PBXBuildFile; fileRef = 9A904BCD2396F35300177687 /* Theme.swift */; };
		9A904BD12396F42500177687 /* UIColor+Hex.swift in Sources */ = {isa = PBXBuildFile; fileRef = 9A904BD02396F42500177687 /* UIColor+Hex.swift */; };
		9A904BD42396FBCF00177687 /* CalculatorViewModel.swift in Sources */ = {isa = PBXBuildFile; fileRef = 9A904BD32396FBCF00177687 /* CalculatorViewModel.swift */; };
		9A904BD62396FE1300177687 /* CalculatorViewModelTagToInputMapper.swift in Sources */ = {isa = PBXBuildFile; fileRef = 9A904BD52396FE1300177687 /* CalculatorViewModelTagToInputMapper.swift */; };
		9ABE828623970773005DC088 /* CalculatorButtonKindMapper.swift in Sources */ = {isa = PBXBuildFile; fileRef = 9ABE828523970773005DC088 /* CalculatorButtonKindMapper.swift */; };
/* End PBXBuildFile section */

/* Begin PBXContainerItemProxy section */
		65C667BE239E75C4004916AC /* PBXContainerItemProxy */ = {
			isa = PBXContainerItemProxy;
			containerPortal = 9A5F401023959CE5005C24CB /* Project object */;
			proxyType = 1;
			remoteGlobalIDString = 65C66759239E7166004916AC;
			remoteInfo = "CalculatorApp SwiftUI";
		};
		9A5F402F23959CE7005C24CB /* PBXContainerItemProxy */ = {
			isa = PBXContainerItemProxy;
			containerPortal = 9A5F401023959CE5005C24CB /* Project object */;
			proxyType = 1;
			remoteGlobalIDString = 9A5F401723959CE5005C24CB;
			remoteInfo = Calculator;
		};
		9A5F407223959F81005C24CB /* PBXContainerItemProxy */ = {
			isa = PBXContainerItemProxy;
			containerPortal = 9A5F406D23959F81005C24CB /* Calculator.xcodeproj */;
			proxyType = 2;
			remoteGlobalIDString = 9A5F404F23959EC8005C24CB;
			remoteInfo = Calculator;
		};
		9A5F407423959F81005C24CB /* PBXContainerItemProxy */ = {
			isa = PBXContainerItemProxy;
			containerPortal = 9A5F406D23959F81005C24CB /* Calculator.xcodeproj */;
			proxyType = 2;
			remoteGlobalIDString = 9A5F405823959EC8005C24CB;
			remoteInfo = CalculatorTests;
		};
/* End PBXContainerItemProxy section */

/* Begin PBXCopyFilesBuildPhase section */
		65C66769239E7166004916AC /* Embed Frameworks */ = {
			isa = PBXCopyFilesBuildPhase;
			buildActionMask = 2147483647;
			dstPath = "";
			dstSubfolderSpec = 10;
			files = (
				65C6676A239E7166004916AC /* Calculator.framework in Embed Frameworks */,
			);
			name = "Embed Frameworks";
			runOnlyForDeploymentPostprocessing = 0;
		};
		9A5F407C2395A052005C24CB /* Embed Frameworks */ = {
			isa = PBXCopyFilesBuildPhase;
			buildActionMask = 2147483647;
			dstPath = "";
			dstSubfolderSpec = 10;
			files = (
				9A5F407B2395A052005C24CB /* Calculator.framework in Embed Frameworks */,
			);
			name = "Embed Frameworks";
			runOnlyForDeploymentPostprocessing = 0;
		};
/* End PBXCopyFilesBuildPhase section */

/* Begin PBXFileReference section */
		65C6676E239E7166004916AC /* Calculator App.app */ = {isa = PBXFileReference; explicitFileType = wrapper.application; includeInIndex = 0; path = "Calculator App.app"; sourceTree = BUILT_PRODUCTS_DIR; };
		65C667B0239E7299004916AC /* SceneDelegate.swift */ = {isa = PBXFileReference; lastKnownFileType = sourcecode.swift; path = SceneDelegate.swift; sourceTree = "<group>"; };
		65C667B4239E731E004916AC /* AppDelegate.swift */ = {isa = PBXFileReference; lastKnownFileType = sourcecode.swift; path = AppDelegate.swift; sourceTree = "<group>"; };
		65C667B6239E73B7004916AC /* CalculatorView.swift */ = {isa = PBXFileReference; lastKnownFileType = sourcecode.swift; path = CalculatorView.swift; sourceTree = "<group>"; };
		65C667BC239E74BB004916AC /* Info.plist */ = {isa = PBXFileReference; fileEncoding = 4; lastKnownFileType = text.plist.xml; path = Info.plist; sourceTree = "<group>"; };
		65C667C0239E87BF004916AC /* CalculatorViewModelInputType+Name.swift */ = {isa = PBXFileReference; lastKnownFileType = sourcecode.swift; path = "CalculatorViewModelInputType+Name.swift"; sourceTree = "<group>"; };
		9A5F401823959CE5005C24CB /* Calculator App.app */ = {isa = PBXFileReference; explicitFileType = wrapper.application; includeInIndex = 0; path = "Calculator App.app"; sourceTree = BUILT_PRODUCTS_DIR; };
		9A5F401B23959CE5005C24CB /* AppDelegate.swift */ = {isa = PBXFileReference; lastKnownFileType = sourcecode.swift; path = AppDelegate.swift; sourceTree = "<group>"; };
		9A5F402423959CE7005C24CB /* Assets.xcassets */ = {isa = PBXFileReference; lastKnownFileType = folder.assetcatalog; path = Assets.xcassets; sourceTree = "<group>"; };
		9A5F402723959CE7005C24CB /* Base */ = {isa = PBXFileReference; lastKnownFileType = file.storyboard; name = Base; path = Base.lproj/LaunchScreen.storyboard; sourceTree = "<group>"; };
		9A5F402923959CE7005C24CB /* Info.plist */ = {isa = PBXFileReference; lastKnownFileType = text.plist.xml; path = Info.plist; sourceTree = "<group>"; };
		9A5F402E23959CE7005C24CB /* CalculatorApp Tests.xctest */ = {isa = PBXFileReference; explicitFileType = wrapper.cfbundle; includeInIndex = 0; path = "CalculatorApp Tests.xctest"; sourceTree = BUILT_PRODUCTS_DIR; };
		9A5F403223959CE7005C24CB /* CalculatorTests.swift */ = {isa = PBXFileReference; lastKnownFileType = sourcecode.swift; path = CalculatorTests.swift; sourceTree = "<group>"; };
		9A5F403423959CE7005C24CB /* Info.plist */ = {isa = PBXFileReference; lastKnownFileType = text.plist.xml; path = Info.plist; sourceTree = "<group>"; };
		9A5F406D23959F81005C24CB /* Calculator.xcodeproj */ = {isa = PBXFileReference; lastKnownFileType = "wrapper.pb-project"; name = Calculator.xcodeproj; path = ../Calculator/Calculator.xcodeproj; sourceTree = "<group>"; };
		9A904BC42396F04200177687 /* CalculatorViewController.swift */ = {isa = PBXFileReference; lastKnownFileType = sourcecode.swift; path = CalculatorViewController.swift; sourceTree = "<group>"; };
		9A904BC72396F05900177687 /* CalculatorViewController.xib */ = {isa = PBXFileReference; lastKnownFileType = file.xib; path = CalculatorViewController.xib; sourceTree = "<group>"; };
		9A904BCA2396F20D00177687 /* CalculatorButton.swift */ = {isa = PBXFileReference; lastKnownFileType = sourcecode.swift; path = CalculatorButton.swift; sourceTree = "<group>"; };
		9A904BCD2396F35300177687 /* Theme.swift */ = {isa = PBXFileReference; lastKnownFileType = sourcecode.swift; path = Theme.swift; sourceTree = "<group>"; };
		9A904BD02396F42500177687 /* UIColor+Hex.swift */ = {isa = PBXFileReference; lastKnownFileType = sourcecode.swift; path = "UIColor+Hex.swift"; sourceTree = "<group>"; };
		9A904BD32396FBCF00177687 /* CalculatorViewModel.swift */ = {isa = PBXFileReference; lastKnownFileType = sourcecode.swift; path = CalculatorViewModel.swift; sourceTree = "<group>"; };
		9A904BD52396FE1300177687 /* CalculatorViewModelTagToInputMapper.swift */ = {isa = PBXFileReference; lastKnownFileType = sourcecode.swift; path = CalculatorViewModelTagToInputMapper.swift; sourceTree = "<group>"; };
		9ABE828523970773005DC088 /* CalculatorButtonKindMapper.swift */ = {isa = PBXFileReference; lastKnownFileType = sourcecode.swift; path = CalculatorButtonKindMapper.swift; sourceTree = "<group>"; };
/* End PBXFileReference section */

/* Begin PBXFrameworksBuildPhase section */
		65C66763239E7166004916AC /* Frameworks */ = {
			isa = PBXFrameworksBuildPhase;
			buildActionMask = 2147483647;
			files = (
				65C66764239E7166004916AC /* Calculator.framework in Frameworks */,
			);
			runOnlyForDeploymentPostprocessing = 0;
		};
		9A5F401523959CE5005C24CB /* Frameworks */ = {
			isa = PBXFrameworksBuildPhase;
			buildActionMask = 2147483647;
			files = (
				9A5F407A2395A052005C24CB /* Calculator.framework in Frameworks */,
			);
			runOnlyForDeploymentPostprocessing = 0;
		};
		9A5F402B23959CE7005C24CB /* Frameworks */ = {
			isa = PBXFrameworksBuildPhase;
			buildActionMask = 2147483647;
			files = (
			);
			runOnlyForDeploymentPostprocessing = 0;
		};
/* End PBXFrameworksBuildPhase section */

/* Begin PBXGroup section */
		65C66772239E71B7004916AC /* Xib */ = {
			isa = PBXGroup;
			children = (
				9A904BC42396F04200177687 /* CalculatorViewController.swift */,
				9A904BC72396F05900177687 /* CalculatorViewController.xib */,
			);
			path = Xib;
			sourceTree = "<group>";
		};
		65C66773239E71D2004916AC /* SwitUI */ = {
			isa = PBXGroup;
			children = (
				65C667B6239E73B7004916AC /* CalculatorView.swift */,
			);
			path = SwitUI;
			sourceTree = "<group>";
		};
		65C667B2239E72EA004916AC /* Xib */ = {
			isa = PBXGroup;
			children = (
				9A5F401B23959CE5005C24CB /* AppDelegate.swift */,
			);
			path = Xib;
			sourceTree = "<group>";
		};
		65C667B3239E72F4004916AC /* SwiftUI */ = {
			isa = PBXGroup;
			children = (
				65C667B0239E7299004916AC /* SceneDelegate.swift */,
				65C667B4239E731E004916AC /* AppDelegate.swift */,
			);
			path = SwiftUI;
			sourceTree = "<group>";
		};
		65C667B8239E7477004916AC /* SwiftUI */ = {
			isa = PBXGroup;
			children = (
				65C667BC239E74BB004916AC /* Info.plist */,
			);
			path = SwiftUI;
			sourceTree = "<group>";
		};
		65C667B9239E747E004916AC /* Xib */ = {
			isa = PBXGroup;
			children = (
				9A5F402923959CE7005C24CB /* Info.plist */,
			);
			path = Xib;
			sourceTree = "<group>";
		};
		9A5F400F23959CE5005C24CB = {
			isa = PBXGroup;
			children = (
				9A5F406D23959F81005C24CB /* Calculator.xcodeproj */,
				9A5F401A23959CE5005C24CB /* CalculatorApp */,
				9A5F403123959CE7005C24CB /* CalculatorAppTests */,
				9A5F401923959CE5005C24CB /* Products */,
				9A5F40792395A052005C24CB /* Frameworks */,
			);
			sourceTree = "<group>";
		};
		9A5F401923959CE5005C24CB /* Products */ = {
			isa = PBXGroup;
			children = (
				9A5F401823959CE5005C24CB /* Calculator App.app */,
				9A5F402E23959CE7005C24CB /* CalculatorApp Tests.xctest */,
				65C6676E239E7166004916AC /* Calculator App.app */,
			);
			name = Products;
			sourceTree = "<group>";
		};
		9A5F401A23959CE5005C24CB /* CalculatorApp */ = {
			isa = PBXGroup;
			children = (
				9A5F403E23959D34005C24CB /* Resources */,
				9A5F403D23959D2E005C24CB /* Sources */,
			);
			path = CalculatorApp;
			sourceTree = "<group>";
		};
		9A5F403123959CE7005C24CB /* CalculatorAppTests */ = {
			isa = PBXGroup;
			children = (
				9A5F404323959DCB005C24CB /* Resources */,
				9A5F404423959DD3005C24CB /* Sources */,
			);
			path = CalculatorAppTests;
			sourceTree = "<group>";
		};
		9A5F403D23959D2E005C24CB /* Sources */ = {
			isa = PBXGroup;
			children = (
				9A5F403F23959D49005C24CB /* Core */,
				9A5F404123959D8E005C24CB /* Scenes */,
				9A904BC12396EFEF00177687 /* View */,
				9A904BCF2396F41000177687 /* Utils */,
			);
			path = Sources;
			sourceTree = "<group>";
		};
		9A5F403E23959D34005C24CB /* Resources */ = {
			isa = PBXGroup;
			children = (
				65C667B9239E747E004916AC /* Xib */,
				65C667B8239E7477004916AC /* SwiftUI */,
				9A5F402423959CE7005C24CB /* Assets.xcassets */,
			);
			path = Resources;
			sourceTree = "<group>";
		};
		9A5F403F23959D49005C24CB /* Core */ = {
			isa = PBXGroup;
			children = (
				65C667B3239E72F4004916AC /* SwiftUI */,
				65C667B2239E72EA004916AC /* Xib */,
				9A904BCC2396F34300177687 /* Theme */,
			);
			path = Core;
			sourceTree = "<group>";
		};
		9A5F404023959D7E005C24CB /* Launch */ = {
			isa = PBXGroup;
			children = (
				9A5F402623959CE7005C24CB /* LaunchScreen.storyboard */,
			);
			path = Launch;
			sourceTree = "<group>";
		};
		9A5F404123959D8E005C24CB /* Scenes */ = {
			isa = PBXGroup;
			children = (
				9A5F404023959D7E005C24CB /* Launch */,
				9A904BBE2396EFD700177687 /* Calculator */,
			);
			path = Scenes;
			sourceTree = "<group>";
		};
		9A5F404323959DCB005C24CB /* Resources */ = {
			isa = PBXGroup;
			children = (
				9A5F403423959CE7005C24CB /* Info.plist */,
			);
			path = Resources;
			sourceTree = "<group>";
		};
		9A5F404423959DD3005C24CB /* Sources */ = {
			isa = PBXGroup;
			children = (
				9A5F403223959CE7005C24CB /* CalculatorTests.swift */,
			);
			path = Sources;
			sourceTree = "<group>";
		};
		9A5F406E23959F81005C24CB /* Products */ = {
			isa = PBXGroup;
			children = (
				9A5F407323959F81005C24CB /* Calculator.framework */,
				9A5F407523959F81005C24CB /* CalculatorTests.xctest */,
			);
			name = Products;
			sourceTree = "<group>";
		};
		9A5F40792395A052005C24CB /* Frameworks */ = {
			isa = PBXGroup;
			children = (
			);
			name = Frameworks;
			sourceTree = "<group>";
		};
		9A904BBE2396EFD700177687 /* Calculator */ = {
			isa = PBXGroup;
			children = (
				9A904BD22396FBC100177687 /* ViewModel */,
				9A904BC62396F04500177687 /* View */,
			);
			path = Calculator;
			sourceTree = "<group>";
		};
		9A904BC12396EFEF00177687 /* View */ = {
			isa = PBXGroup;
			children = (
				9A904BC92396F1D900177687 /* Buttons */,
			);
			path = View;
			sourceTree = "<group>";
		};
		9A904BC62396F04500177687 /* View */ = {
			isa = PBXGroup;
			children = (
				65C66772239E71B7004916AC /* Xib */,
				65C66773239E71D2004916AC /* SwitUI */,
			);
			path = View;
			sourceTree = "<group>";
		};
		9A904BC92396F1D900177687 /* Buttons */ = {
			isa = PBXGroup;
			children = (
				9A904BCA2396F20D00177687 /* CalculatorButton.swift */,
			);
			path = Buttons;
			sourceTree = "<group>";
		};
		9A904BCC2396F34300177687 /* Theme */ = {
			isa = PBXGroup;
			children = (
				9A904BCD2396F35300177687 /* Theme.swift */,
			);
			path = Theme;
			sourceTree = "<group>";
		};
		9A904BCF2396F41000177687 /* Utils */ = {
			isa = PBXGroup;
			children = (
				9A904BD02396F42500177687 /* UIColor+Hex.swift */,
			);
			path = Utils;
			sourceTree = "<group>";
		};
		9A904BD22396FBC100177687 /* ViewModel */ = {
			isa = PBXGroup;
			children = (
				9A904BD32396FBCF00177687 /* CalculatorViewModel.swift */,
				9A904BD52396FE1300177687 /* CalculatorViewModelTagToInputMapper.swift */,
				9ABE828523970773005DC088 /* CalculatorButtonKindMapper.swift */,
				65C667C0239E87BF004916AC /* CalculatorViewModelInputType+Name.swift */,
			);
			path = ViewModel;
			sourceTree = "<group>";
		};
/* End PBXGroup section */

/* Begin PBXNativeTarget section */
		65C66759239E7166004916AC /* CalculatorApp SwiftUI */ = {
			isa = PBXNativeTarget;
			buildConfigurationList = 65C6676B239E7166004916AC /* Build configuration list for PBXNativeTarget "CalculatorApp SwiftUI" */;
			buildPhases = (
				65C6675A239E7166004916AC /* Sources */,
				65C66763239E7166004916AC /* Frameworks */,
				65C66765239E7166004916AC /* Resources */,
				65C66769239E7166004916AC /* Embed Frameworks */,
			);
			buildRules = (
			);
			dependencies = (
			);
			name = "CalculatorApp SwiftUI";
			productName = Calculator;
			productReference = 65C6676E239E7166004916AC /* Calculator App.app */;
			productType = "com.apple.product-type.application";
		};
		9A5F401723959CE5005C24CB /* CalculatorApp Xib */ = {
			isa = PBXNativeTarget;
			buildConfigurationList = 9A5F403723959CE7005C24CB /* Build configuration list for PBXNativeTarget "CalculatorApp Xib" */;
			buildPhases = (
				9A5F401423959CE5005C24CB /* Sources */,
				9A5F401523959CE5005C24CB /* Frameworks */,
				9A5F401623959CE5005C24CB /* Resources */,
				9A5F407C2395A052005C24CB /* Embed Frameworks */,
			);
			buildRules = (
			);
			dependencies = (
			);
			name = "CalculatorApp Xib";
			productName = Calculator;
			productReference = 9A5F401823959CE5005C24CB /* Calculator App.app */;
			productType = "com.apple.product-type.application";
		};
		9A5F402D23959CE7005C24CB /* CalculatorApp Tests */ = {
			isa = PBXNativeTarget;
			buildConfigurationList = 9A5F403A23959CE7005C24CB /* Build configuration list for PBXNativeTarget "CalculatorApp Tests" */;
			buildPhases = (
				9A5F402A23959CE7005C24CB /* Sources */,
				9A5F402B23959CE7005C24CB /* Frameworks */,
				9A5F402C23959CE7005C24CB /* Resources */,
			);
			buildRules = (
			);
			dependencies = (
				9A5F403023959CE7005C24CB /* PBXTargetDependency */,
				65C667BF239E75C4004916AC /* PBXTargetDependency */,
			);
			name = "CalculatorApp Tests";
			productName = CalculatorTests;
			productReference = 9A5F402E23959CE7005C24CB /* CalculatorApp Tests.xctest */;
			productType = "com.apple.product-type.bundle.unit-test";
		};
/* End PBXNativeTarget section */

/* Begin PBXProject section */
		9A5F401023959CE5005C24CB /* Project object */ = {
			isa = PBXProject;
			attributes = {
				LastSwiftUpdateCheck = 1110;
				LastUpgradeCheck = 1110;
				ORGANIZATIONNAME = "Tomasz Załoga";
				TargetAttributes = {
					9A5F401723959CE5005C24CB = {
						CreatedOnToolsVersion = 11.1;
					};
					9A5F402D23959CE7005C24CB = {
						CreatedOnToolsVersion = 11.1;
						TestTargetID = 65C66759239E7166004916AC;
					};
				};
			};
			buildConfigurationList = 9A5F401323959CE5005C24CB /* Build configuration list for PBXProject "CalculatorApp" */;
			compatibilityVersion = "Xcode 9.3";
			developmentRegion = en;
			hasScannedForEncodings = 0;
			knownRegions = (
				en,
				Base,
			);
			mainGroup = 9A5F400F23959CE5005C24CB;
			productRefGroup = 9A5F401923959CE5005C24CB /* Products */;
			projectDirPath = "";
			projectReferences = (
				{
					ProductGroup = 9A5F406E23959F81005C24CB /* Products */;
					ProjectRef = 9A5F406D23959F81005C24CB /* Calculator.xcodeproj */;
				},
			);
			projectRoot = "";
			targets = (
				9A5F401723959CE5005C24CB /* CalculatorApp Xib */,
				65C66759239E7166004916AC /* CalculatorApp SwiftUI */,
				9A5F402D23959CE7005C24CB /* CalculatorApp Tests */,
			);
		};
/* End PBXProject section */

/* Begin PBXReferenceProxy section */
		9A5F407323959F81005C24CB /* Calculator.framework */ = {
			isa = PBXReferenceProxy;
			fileType = wrapper.framework;
			path = Calculator.framework;
			remoteRef = 9A5F407223959F81005C24CB /* PBXContainerItemProxy */;
			sourceTree = BUILT_PRODUCTS_DIR;
		};
		9A5F407523959F81005C24CB /* CalculatorTests.xctest */ = {
			isa = PBXReferenceProxy;
			fileType = wrapper.cfbundle;
			path = CalculatorTests.xctest;
			remoteRef = 9A5F407423959F81005C24CB /* PBXContainerItemProxy */;
			sourceTree = BUILT_PRODUCTS_DIR;
		};
/* End PBXReferenceProxy section */

/* Begin PBXResourcesBuildPhase section */
		65C66765239E7166004916AC /* Resources */ = {
			isa = PBXResourcesBuildPhase;
			buildActionMask = 2147483647;
			files = (
				65C66766239E7166004916AC /* LaunchScreen.storyboard in Resources */,
				65C66768239E7166004916AC /* Assets.xcassets in Resources */,
			);
			runOnlyForDeploymentPostprocessing = 0;
		};
		9A5F401623959CE5005C24CB /* Resources */ = {
			isa = PBXResourcesBuildPhase;
			buildActionMask = 2147483647;
			files = (
				9A5F402823959CE7005C24CB /* LaunchScreen.storyboard in Resources */,
				9A904BC82396F05900177687 /* CalculatorViewController.xib in Resources */,
				9A5F402523959CE7005C24CB /* Assets.xcassets in Resources */,
			);
			runOnlyForDeploymentPostprocessing = 0;
		};
		9A5F402C23959CE7005C24CB /* Resources */ = {
			isa = PBXResourcesBuildPhase;
			buildActionMask = 2147483647;
			files = (
			);
			runOnlyForDeploymentPostprocessing = 0;
		};
/* End PBXResourcesBuildPhase section */

/* Begin PBXSourcesBuildPhase section */
		65C6675A239E7166004916AC /* Sources */ = {
			isa = PBXSourcesBuildPhase;
			buildActionMask = 2147483647;
			files = (
				65C667C1239E87BF004916AC /* CalculatorViewModelInputType+Name.swift in Sources */,
				65C6675B239E7166004916AC /* CalculatorButtonKindMapper.swift in Sources */,
				65C667B1239E7299004916AC /* SceneDelegate.swift in Sources */,
				65C6675E239E7166004916AC /* Theme.swift in Sources */,
				65C6675F239E7166004916AC /* UIColor+Hex.swift in Sources */,
				65C66760239E7166004916AC /* CalculatorViewModel.swift in Sources */,
				65C667B7239E73B7004916AC /* CalculatorView.swift in Sources */,
				65C66761239E7166004916AC /* CalculatorButton.swift in Sources */,
				65C667B5239E731E004916AC /* AppDelegate.swift in Sources */,
				65C66762239E7166004916AC /* CalculatorViewModelTagToInputMapper.swift in Sources */,
			);
			runOnlyForDeploymentPostprocessing = 0;
		};
		9A5F401423959CE5005C24CB /* Sources */ = {
			isa = PBXSourcesBuildPhase;
			buildActionMask = 2147483647;
			files = (
				9ABE828623970773005DC088 /* CalculatorButtonKindMapper.swift in Sources */,
				9A5F401C23959CE5005C24CB /* AppDelegate.swift in Sources */,
				9A904BC52396F04200177687 /* CalculatorViewController.swift in Sources */,
				9A904BCE2396F35300177687 /* Theme.swift in Sources */,
				9A904BD12396F42500177687 /* UIColor+Hex.swift in Sources */,
				9A904BD42396FBCF00177687 /* CalculatorViewModel.swift in Sources */,
				9A904BCB2396F20D00177687 /* CalculatorButton.swift in Sources */,
				9A904BD62396FE1300177687 /* CalculatorViewModelTagToInputMapper.swift in Sources */,
			);
			runOnlyForDeploymentPostprocessing = 0;
		};
		9A5F402A23959CE7005C24CB /* Sources */ = {
			isa = PBXSourcesBuildPhase;
			buildActionMask = 2147483647;
			files = (
				9A5F403323959CE7005C24CB /* CalculatorTests.swift in Sources */,
			);
			runOnlyForDeploymentPostprocessing = 0;
		};
/* End PBXSourcesBuildPhase section */

/* Begin PBXTargetDependency section */
		65C667BF239E75C4004916AC /* PBXTargetDependency */ = {
			isa = PBXTargetDependency;
			target = 65C66759239E7166004916AC /* CalculatorApp SwiftUI */;
			targetProxy = 65C667BE239E75C4004916AC /* PBXContainerItemProxy */;
		};
		9A5F403023959CE7005C24CB /* PBXTargetDependency */ = {
			isa = PBXTargetDependency;
			target = 9A5F401723959CE5005C24CB /* CalculatorApp Xib */;
			targetProxy = 9A5F402F23959CE7005C24CB /* PBXContainerItemProxy */;
		};
/* End PBXTargetDependency section */

/* Begin PBXVariantGroup section */
		9A5F402623959CE7005C24CB /* LaunchScreen.storyboard */ = {
			isa = PBXVariantGroup;
			children = (
				9A5F402723959CE7005C24CB /* Base */,
			);
			name = LaunchScreen.storyboard;
			sourceTree = "<group>";
		};
/* End PBXVariantGroup section */

/* Begin XCBuildConfiguration section */
		65C6676C239E7166004916AC /* Debug */ = {
			isa = XCBuildConfiguration;
			buildSettings = {
				ASSETCATALOG_COMPILER_APPICON_NAME = AppIcon;
				CODE_SIGN_STYLE = Automatic;
				DEVELOPMENT_TEAM = 5692ZYJZGS;
				INFOPLIST_FILE = "$(SRCROOT)/CalculatorApp/Resources/SwiftUI/Info.plist";
				LD_RUNPATH_SEARCH_PATHS = (
					"$(inherited)",
					"@executable_path/Frameworks",
				);
				PRODUCT_BUNDLE_IDENTIFIER = zalogatomek.CalculatorApp.SwiftUI;
				PRODUCT_MODULE_NAME = CalculatorApp;
				PRODUCT_NAME = "Calculator App";
				SWIFT_VERSION = 5.0;
				TARGETED_DEVICE_FAMILY = "1,2";
			};
			name = Debug;
		};
		65C6676D239E7166004916AC /* Release */ = {
			isa = XCBuildConfiguration;
			buildSettings = {
				ASSETCATALOG_COMPILER_APPICON_NAME = AppIcon;
				CODE_SIGN_STYLE = Automatic;
				DEVELOPMENT_TEAM = 5692ZYJZGS;
				INFOPLIST_FILE = "$(SRCROOT)/CalculatorApp/Resources/SwiftUI/Info.plist";
				LD_RUNPATH_SEARCH_PATHS = (
					"$(inherited)",
					"@executable_path/Frameworks",
				);
				PRODUCT_BUNDLE_IDENTIFIER = zalogatomek.CalculatorApp.SwiftUI;
				PRODUCT_MODULE_NAME = CalculatorApp;
				PRODUCT_NAME = "Calculator App";
				SWIFT_VERSION = 5.0;
				TARGETED_DEVICE_FAMILY = "1,2";
			};
			name = Release;
		};
		9A5F403523959CE7005C24CB /* Debug */ = {
			isa = XCBuildConfiguration;
			buildSettings = {
				ALWAYS_SEARCH_USER_PATHS = NO;
				CLANG_ANALYZER_NONNULL = YES;
				CLANG_ANALYZER_NUMBER_OBJECT_CONVERSION = YES_AGGRESSIVE;
				CLANG_CXX_LANGUAGE_STANDARD = "gnu++14";
				CLANG_CXX_LIBRARY = "libc++";
				CLANG_ENABLE_MODULES = YES;
				CLANG_ENABLE_OBJC_ARC = YES;
				CLANG_ENABLE_OBJC_WEAK = YES;
				CLANG_WARN_BLOCK_CAPTURE_AUTORELEASING = YES;
				CLANG_WARN_BOOL_CONVERSION = YES;
				CLANG_WARN_COMMA = YES;
				CLANG_WARN_CONSTANT_CONVERSION = YES;
				CLANG_WARN_DEPRECATED_OBJC_IMPLEMENTATIONS = YES;
				CLANG_WARN_DIRECT_OBJC_ISA_USAGE = YES_ERROR;
				CLANG_WARN_DOCUMENTATION_COMMENTS = YES;
				CLANG_WARN_EMPTY_BODY = YES;
				CLANG_WARN_ENUM_CONVERSION = YES;
				CLANG_WARN_INFINITE_RECURSION = YES;
				CLANG_WARN_INT_CONVERSION = YES;
				CLANG_WARN_NON_LITERAL_NULL_CONVERSION = YES;
				CLANG_WARN_OBJC_IMPLICIT_RETAIN_SELF = YES;
				CLANG_WARN_OBJC_LITERAL_CONVERSION = YES;
				CLANG_WARN_OBJC_ROOT_CLASS = YES_ERROR;
				CLANG_WARN_RANGE_LOOP_ANALYSIS = YES;
				CLANG_WARN_STRICT_PROTOTYPES = YES;
				CLANG_WARN_SUSPICIOUS_MOVE = YES;
				CLANG_WARN_UNGUARDED_AVAILABILITY = YES_AGGRESSIVE;
				CLANG_WARN_UNREACHABLE_CODE = YES;
				CLANG_WARN__DUPLICATE_METHOD_MATCH = YES;
				COPY_PHASE_STRIP = NO;
				DEBUG_INFORMATION_FORMAT = dwarf;
				ENABLE_STRICT_OBJC_MSGSEND = YES;
				ENABLE_TESTABILITY = YES;
				GCC_C_LANGUAGE_STANDARD = gnu11;
				GCC_DYNAMIC_NO_PIC = NO;
				GCC_NO_COMMON_BLOCKS = YES;
				GCC_OPTIMIZATION_LEVEL = 0;
				GCC_PREPROCESSOR_DEFINITIONS = (
					"DEBUG=1",
					"$(inherited)",
				);
				GCC_WARN_64_TO_32_BIT_CONVERSION = YES;
				GCC_WARN_ABOUT_RETURN_TYPE = YES_ERROR;
				GCC_WARN_UNDECLARED_SELECTOR = YES;
				GCC_WARN_UNINITIALIZED_AUTOS = YES_AGGRESSIVE;
				GCC_WARN_UNUSED_FUNCTION = YES;
				GCC_WARN_UNUSED_VARIABLE = YES;
				IPHONEOS_DEPLOYMENT_TARGET = 13.1;
				MTL_ENABLE_DEBUG_INFO = INCLUDE_SOURCE;
				MTL_FAST_MATH = YES;
				ONLY_ACTIVE_ARCH = YES;
				SDKROOT = iphoneos;
				SWIFT_ACTIVE_COMPILATION_CONDITIONS = DEBUG;
				SWIFT_OPTIMIZATION_LEVEL = "-Onone";
			};
			name = Debug;
		};
		9A5F403623959CE7005C24CB /* Release */ = {
			isa = XCBuildConfiguration;
			buildSettings = {
				ALWAYS_SEARCH_USER_PATHS = NO;
				CLANG_ANALYZER_NONNULL = YES;
				CLANG_ANALYZER_NUMBER_OBJECT_CONVERSION = YES_AGGRESSIVE;
				CLANG_CXX_LANGUAGE_STANDARD = "gnu++14";
				CLANG_CXX_LIBRARY = "libc++";
				CLANG_ENABLE_MODULES = YES;
				CLANG_ENABLE_OBJC_ARC = YES;
				CLANG_ENABLE_OBJC_WEAK = YES;
				CLANG_WARN_BLOCK_CAPTURE_AUTORELEASING = YES;
				CLANG_WARN_BOOL_CONVERSION = YES;
				CLANG_WARN_COMMA = YES;
				CLANG_WARN_CONSTANT_CONVERSION = YES;
				CLANG_WARN_DEPRECATED_OBJC_IMPLEMENTATIONS = YES;
				CLANG_WARN_DIRECT_OBJC_ISA_USAGE = YES_ERROR;
				CLANG_WARN_DOCUMENTATION_COMMENTS = YES;
				CLANG_WARN_EMPTY_BODY = YES;
				CLANG_WARN_ENUM_CONVERSION = YES;
				CLANG_WARN_INFINITE_RECURSION = YES;
				CLANG_WARN_INT_CONVERSION = YES;
				CLANG_WARN_NON_LITERAL_NULL_CONVERSION = YES;
				CLANG_WARN_OBJC_IMPLICIT_RETAIN_SELF = YES;
				CLANG_WARN_OBJC_LITERAL_CONVERSION = YES;
				CLANG_WARN_OBJC_ROOT_CLASS = YES_ERROR;
				CLANG_WARN_RANGE_LOOP_ANALYSIS = YES;
				CLANG_WARN_STRICT_PROTOTYPES = YES;
				CLANG_WARN_SUSPICIOUS_MOVE = YES;
				CLANG_WARN_UNGUARDED_AVAILABILITY = YES_AGGRESSIVE;
				CLANG_WARN_UNREACHABLE_CODE = YES;
				CLANG_WARN__DUPLICATE_METHOD_MATCH = YES;
				COPY_PHASE_STRIP = NO;
				DEBUG_INFORMATION_FORMAT = "dwarf-with-dsym";
				ENABLE_NS_ASSERTIONS = NO;
				ENABLE_STRICT_OBJC_MSGSEND = YES;
				GCC_C_LANGUAGE_STANDARD = gnu11;
				GCC_NO_COMMON_BLOCKS = YES;
				GCC_WARN_64_TO_32_BIT_CONVERSION = YES;
				GCC_WARN_ABOUT_RETURN_TYPE = YES_ERROR;
				GCC_WARN_UNDECLARED_SELECTOR = YES;
				GCC_WARN_UNINITIALIZED_AUTOS = YES_AGGRESSIVE;
				GCC_WARN_UNUSED_FUNCTION = YES;
				GCC_WARN_UNUSED_VARIABLE = YES;
				IPHONEOS_DEPLOYMENT_TARGET = 13.1;
				MTL_ENABLE_DEBUG_INFO = NO;
				MTL_FAST_MATH = YES;
				SDKROOT = iphoneos;
				SWIFT_COMPILATION_MODE = wholemodule;
				SWIFT_OPTIMIZATION_LEVEL = "-O";
				VALIDATE_PRODUCT = YES;
			};
			name = Release;
		};
		9A5F403823959CE7005C24CB /* Debug */ = {
			isa = XCBuildConfiguration;
			buildSettings = {
				ASSETCATALOG_COMPILER_APPICON_NAME = AppIcon;
				CODE_SIGN_STYLE = Automatic;
				DEVELOPMENT_TEAM = 5692ZYJZGS;
				INFOPLIST_FILE = "$(SRCROOT)/CalculatorApp/Resources/Xib/Info.plist";
				LD_RUNPATH_SEARCH_PATHS = (
					"$(inherited)",
					"@executable_path/Frameworks",
				);
				PRODUCT_BUNDLE_IDENTIFIER = zalogatomek.CalculatorApp.Xib;
				PRODUCT_MODULE_NAME = CalculatorApp;
				PRODUCT_NAME = "Calculator App";
				SWIFT_VERSION = 5.0;
				TARGETED_DEVICE_FAMILY = "1,2";
			};
			name = Debug;
		};
		9A5F403923959CE7005C24CB /* Release */ = {
			isa = XCBuildConfiguration;
			buildSettings = {
				ASSETCATALOG_COMPILER_APPICON_NAME = AppIcon;
				CODE_SIGN_STYLE = Automatic;
				DEVELOPMENT_TEAM = 5692ZYJZGS;
				INFOPLIST_FILE = "$(SRCROOT)/CalculatorApp/Resources/Xib/Info.plist";
				LD_RUNPATH_SEARCH_PATHS = (
					"$(inherited)",
					"@executable_path/Frameworks",
				);
				PRODUCT_BUNDLE_IDENTIFIER = zalogatomek.CalculatorApp.Xib;
				PRODUCT_MODULE_NAME = CalculatorApp;
				PRODUCT_NAME = "Calculator App";
				SWIFT_VERSION = 5.0;
				TARGETED_DEVICE_FAMILY = "1,2";
			};
			name = Release;
		};
		9A5F403B23959CE7005C24CB /* Debug */ = {
			isa = XCBuildConfiguration;
			buildSettings = {
				ALWAYS_EMBED_SWIFT_STANDARD_LIBRARIES = YES;
				BUNDLE_LOADER = "$(TEST_HOST)";
				CODE_SIGN_STYLE = Automatic;
				DEVELOPMENT_TEAM = 5692ZYJZGS;
				INFOPLIST_FILE = CalculatorAppTests/Resources/Info.plist;
				IPHONEOS_DEPLOYMENT_TARGET = 13.1;
				LD_RUNPATH_SEARCH_PATHS = (
					"$(inherited)",
					"@executable_path/Frameworks",
					"@loader_path/Frameworks",
				);
				PRODUCT_BUNDLE_IDENTIFIER = zalogatomek.CalculatorTests;
				PRODUCT_NAME = "$(TARGET_NAME)";
				SWIFT_VERSION = 5.0;
				TARGETED_DEVICE_FAMILY = "1,2";
				TEST_HOST = "$(BUILT_PRODUCTS_DIR)/Calculator App.app/Calculator App";
			};
			name = Debug;
		};
		9A5F403C23959CE7005C24CB /* Release */ = {
			isa = XCBuildConfiguration;
			buildSettings = {
				ALWAYS_EMBED_SWIFT_STANDARD_LIBRARIES = YES;
				BUNDLE_LOADER = "$(TEST_HOST)";
				CODE_SIGN_STYLE = Automatic;
				DEVELOPMENT_TEAM = 5692ZYJZGS;
				INFOPLIST_FILE = CalculatorAppTests/Resources/Info.plist;
				IPHONEOS_DEPLOYMENT_TARGET = 13.1;
				LD_RUNPATH_SEARCH_PATHS = (
					"$(inherited)",
					"@executable_path/Frameworks",
					"@loader_path/Frameworks",
				);
				PRODUCT_BUNDLE_IDENTIFIER = zalogatomek.CalculatorTests;
				PRODUCT_NAME = "$(TARGET_NAME)";
				SWIFT_VERSION = 5.0;
				TARGETED_DEVICE_FAMILY = "1,2";
				TEST_HOST = "$(BUILT_PRODUCTS_DIR)/Calculator App.app/Calculator App";
			};
			name = Release;
		};
/* End XCBuildConfiguration section */

/* Begin XCConfigurationList section */
		65C6676B239E7166004916AC /* Build configuration list for PBXNativeTarget "CalculatorApp SwiftUI" */ = {
			isa = XCConfigurationList;
			buildConfigurations = (
				65C6676C239E7166004916AC /* Debug */,
				65C6676D239E7166004916AC /* Release */,
			);
			defaultConfigurationIsVisible = 0;
			defaultConfigurationName = Release;
		};
		9A5F401323959CE5005C24CB /* Build configuration list for PBXProject "CalculatorApp" */ = {
			isa = XCConfigurationList;
			buildConfigurations = (
				9A5F403523959CE7005C24CB /* Debug */,
				9A5F403623959CE7005C24CB /* Release */,
			);
			defaultConfigurationIsVisible = 0;
			defaultConfigurationName = Release;
		};
		9A5F403723959CE7005C24CB /* Build configuration list for PBXNativeTarget "CalculatorApp Xib" */ = {
			isa = XCConfigurationList;
			buildConfigurations = (
				9A5F403823959CE7005C24CB /* Debug */,
				9A5F403923959CE7005C24CB /* Release */,
			);
			defaultConfigurationIsVisible = 0;
			defaultConfigurationName = Release;
		};
		9A5F403A23959CE7005C24CB /* Build configuration list for PBXNativeTarget "CalculatorApp Tests" */ = {
			isa = XCConfigurationList;
			buildConfigurations = (
				9A5F403B23959CE7005C24CB /* Debug */,
				9A5F403C23959CE7005C24CB /* Release */,
			);
			defaultConfigurationIsVisible = 0;
			defaultConfigurationName = Release;
		};
/* End XCConfigurationList section */
	};
	rootObject = 9A5F401023959CE5005C24CB /* Project object */;
}
